PODS:
  - AFNetworking (3.2.1):
    - AFNetworking/NSURLSession (= 3.2.1)
    - AFNetworking/Reachability (= 3.2.1)
    - AFNetworking/Security (= 3.2.1)
    - AFNetworking/Serialization (= 3.2.1)
    - AFNetworking/UIKit (= 3.2.1)
  - AFNetworking/NSURLSession (3.2.1):
    - AFNetworking/Reachability
    - AFNetworking/Security
    - AFNetworking/Serialization
  - AFNetworking/Reachability (3.2.1)
  - AFNetworking/Security (3.2.1)
  - AFNetworking/Serialization (3.2.1)
  - AFNetworking/UIKit (3.2.1):
    - AFNetworking/NSURLSession
  - CYLTabBarController (1.28.4):
    - CYLTabBarController/Core (= 1.28.4)
  - CYLTabBarController/Core (1.28.4)
  - IQKeyboardManager (6.5.4)
  - lottie-ios (3.1.5)
  - Masonry (1.1.0)

DEPENDENCIES:
  - AFNetworking
  - CYLTabBarController
  - IQKeyboardManager
  - lottie-ios
  - Masonry

SPEC REPOS:
  https://github.com/cocoapods/specs.git:
    - AFNetworking
    - CYLTabBarController
    - IQKeyboardManager
    - lottie-ios
    - Masonry

SPEC CHECKSUMS:
  AFNetworking: b6f891fdfaed196b46c7a83cf209e09697b94057
  CYLTabBarController: d7160abd77b3a94626cff123fdfaa4f3badde20d
  IQKeyboardManager: 72b359cd7e777e3a984cedbe05f8da45320cbb63
  lottie-ios: 32bf84389337d86fbc8b12266e88452e0abf1dee
  Masonry: 678fab65091a9290e40e2832a55e7ab731aad201

PODFILE CHECKSUM: 092ff0352bd9eb8b77318f6862d520497f72c3a5

COCOAPODS: 1.7.5
