// !$*UTF8*$!
{
	archiveVersion = 1;
	classes = {
	};
	objectVersion = 51;
	objects = {

/* Begin PBXBuildFile section */
		0008923823965D1B00662AA5 /* MWorldTabBarController.m in Sources */ = {isa = PBXBuildFile; fileRef = 0008923723965D1B00662AA5 /* MWorldTabBarController.m */; };
		0008923D239660DF00662AA5 /* FirstPartyTableViewController.m in Sources */ = {isa = PBXBuildFile; fileRef = 0008923C239660DF00662AA5 /* FirstPartyTableViewController.m */; };
		000892402396615C00662AA5 /* SecondPartyViewController.m in Sources */ = {isa = PBXBuildFile; fileRef = 0008923F2396615C00662AA5 /* SecondPartyViewController.m */; };
		00288FFD238B7E5000D4475C /* AppDelegate.m in Sources */ = {isa = PBXBuildFile; fileRef = 00288FFC238B7E5000D4475C /* AppDelegate.m */; };
		00289000238B7E5000D4475C /* SceneDelegate.m in Sources */ = {isa = PBXBuildFile; fileRef = 00288FFF238B7E5000D4475C /* SceneDelegate.m */; };
		00289003238B7E5000D4475C /* ViewController.m in Sources */ = {isa = PBXBuildFile; fileRef = 00289002238B7E5000D4475C /* ViewController.m */; };
		00289006238B7E5000D4475C /* Main.storyboard in Resources */ = {isa = PBXBuildFile; fileRef = 00289004238B7E5000D4475C /* Main.storyboard */; };
		00289008238B7E5000D4475C /* Assets.xcassets in Resources */ = {isa = PBXBuildFile; fileRef = 00289007238B7E5000D4475C /* Assets.xcassets */; };
		0028900B238B7E5000D4475C /* LaunchScreen.storyboard in Resources */ = {isa = PBXBuildFile; fileRef = 00289009238B7E5000D4475C /* LaunchScreen.storyboard */; };
		0028900E238B7E5000D4475C /* main.m in Sources */ = {isa = PBXBuildFile; fileRef = 0028900D238B7E5000D4475C /* main.m */; };
		00289018238B7E5100D4475C /* PromotionOCTests.m in Sources */ = {isa = PBXBuildFile; fileRef = 00289017238B7E5100D4475C /* PromotionOCTests.m */; };
		00289023238B7E5100D4475C /* PromotionOCUITests.m in Sources */ = {isa = PBXBuildFile; fileRef = 00289022238B7E5100D4475C /* PromotionOCUITests.m */; };
		DF06B1149E758054F4CE2A1C /* Pods_PromotionOC.framework in Frameworks */ = {isa = PBXBuildFile; fileRef = A6F62C20124AD126319C8672 /* Pods_PromotionOC.framework */; };
/* End PBXBuildFile section */

/* Begin PBXContainerItemProxy section */
		00289014238B7E5100D4475C /* PBXContainerItemProxy */ = {
			isa = PBXContainerItemProxy;
			containerPortal = 00288FF0238B7E5000D4475C /* Project object */;
			proxyType = 1;
			remoteGlobalIDString = 00288FF7238B7E5000D4475C;
			remoteInfo = PromotionOC;
		};
		0028901F238B7E5100D4475C /* PBXContainerItemProxy */ = {
			isa = PBXContainerItemProxy;
			containerPortal = 00288FF0238B7E5000D4475C /* Project object */;
			proxyType = 1;
			remoteGlobalIDString = 00288FF7238B7E5000D4475C;
			remoteInfo = PromotionOC;
		};
/* End PBXContainerItemProxy section */

/* Begin PBXFileReference section */
		0008923623965D1B00662AA5 /* MWorldTabBarController.h */ = {isa = PBXFileReference; lastKnownFileType = sourcecode.c.h; path = MWorldTabBarController.h; sourceTree = "<group>"; };
		0008923723965D1B00662AA5 /* MWorldTabBarController.m */ = {isa = PBXFileReference; lastKnownFileType = sourcecode.c.objc; path = MWorldTabBarController.m; sourceTree = "<group>"; };
		0008923B239660DF00662AA5 /* FirstPartyTableViewController.h */ = {isa = PBXFileReference; lastKnownFileType = sourcecode.c.h; path = FirstPartyTableViewController.h; sourceTree = "<group>"; };
		0008923C239660DF00662AA5 /* FirstPartyTableViewController.m */ = {isa = PBXFileReference; lastKnownFileType = sourcecode.c.objc; path = FirstPartyTableViewController.m; sourceTree = "<group>"; };
		0008923E2396615C00662AA5 /* SecondPartyViewController.h */ = {isa = PBXFileReference; lastKnownFileType = sourcecode.c.h; path = SecondPartyViewController.h; sourceTree = "<group>"; };
		0008923F2396615C00662AA5 /* SecondPartyViewController.m */ = {isa = PBXFileReference; lastKnownFileType = sourcecode.c.objc; path = SecondPartyViewController.m; sourceTree = "<group>"; };
		00288FF8238B7E5000D4475C /* PromotionOC.app */ = {isa = PBXFileReference; explicitFileType = wrapper.application; includeInIndex = 0; path = PromotionOC.app; sourceTree = BUILT_PRODUCTS_DIR; };
		00288FFB238B7E5000D4475C /* AppDelegate.h */ = {isa = PBXFileReference; lastKnownFileType = sourcecode.c.h; path = AppDelegate.h; sourceTree = "<group>"; };
		00288FFC238B7E5000D4475C /* AppDelegate.m */ = {isa = PBXFileReference; lastKnownFileType = sourcecode.c.objc; path = AppDelegate.m; sourceTree = "<group>"; };
		00288FFE238B7E5000D4475C /* SceneDelegate.h */ = {isa = PBXFileReference; lastKnownFileType = sourcecode.c.h; path = SceneDelegate.h; sourceTree = "<group>"; };
		00288FFF238B7E5000D4475C /* SceneDelegate.m */ = {isa = PBXFileReference; lastKnownFileType = sourcecode.c.objc; path = SceneDelegate.m; sourceTree = "<group>"; };
		00289001238B7E5000D4475C /* ViewController.h */ = {isa = PBXFileReference; lastKnownFileType = sourcecode.c.h; path = ViewController.h; sourceTree = "<group>"; };
		00289002238B7E5000D4475C /* ViewController.m */ = {isa = PBXFileReference; lastKnownFileType = sourcecode.c.objc; path = ViewController.m; sourceTree = "<group>"; };
		00289005238B7E5000D4475C /* Base */ = {isa = PBXFileReference; lastKnownFileType = file.storyboard; name = Base; path = Base.lproj/Main.storyboard; sourceTree = "<group>"; };
		00289007238B7E5000D4475C /* Assets.xcassets */ = {isa = PBXFileReference; lastKnownFileType = folder.assetcatalog; path = Assets.xcassets; sourceTree = "<group>"; };
		0028900A238B7E5000D4475C /* Base */ = {isa = PBXFileReference; lastKnownFileType = file.storyboard; name = Base; path = Base.lproj/LaunchScreen.storyboard; sourceTree = "<group>"; };
		0028900C238B7E5000D4475C /* Info.plist */ = {isa = PBXFileReference; lastKnownFileType = text.plist.xml; path = Info.plist; sourceTree = "<group>"; };
		0028900D238B7E5000D4475C /* main.m */ = {isa = PBXFileReference; lastKnownFileType = sourcecode.c.objc; path = main.m; sourceTree = "<group>"; };
		00289013238B7E5100D4475C /* PromotionOCTests.xctest */ = {isa = PBXFileReference; explicitFileType = wrapper.cfbundle; includeInIndex = 0; path = PromotionOCTests.xctest; sourceTree = BUILT_PRODUCTS_DIR; };
		00289017238B7E5100D4475C /* PromotionOCTests.m */ = {isa = PBXFileReference; lastKnownFileType = sourcecode.c.objc; path = PromotionOCTests.m; sourceTree = "<group>"; };
		00289019238B7E5100D4475C /* Info.plist */ = {isa = PBXFileReference; lastKnownFileType = text.plist.xml; path = Info.plist; sourceTree = "<group>"; };
		0028901E238B7E5100D4475C /* PromotionOCUITests.xctest */ = {isa = PBXFileReference; explicitFileType = wrapper.cfbundle; includeInIndex = 0; path = PromotionOCUITests.xctest; sourceTree = BUILT_PRODUCTS_DIR; };
		00289022238B7E5100D4475C /* PromotionOCUITests.m */ = {isa = PBXFileReference; lastKnownFileType = sourcecode.c.objc; path = PromotionOCUITests.m; sourceTree = "<group>"; };
		00289024238B7E5100D4475C /* Info.plist */ = {isa = PBXFileReference; lastKnownFileType = text.plist.xml; path = Info.plist; sourceTree = "<group>"; };
		00289032238BA94800D4475C /* PrefixHeader.pch */ = {isa = PBXFileReference; lastKnownFileType = sourcecode.c.h; path = PrefixHeader.pch; sourceTree = "<group>"; };
		2C1214B9085D214CD9F827EF /* Pods-PromotionOC.debug.xcconfig */ = {isa = PBXFileReference; includeInIndex = 1; lastKnownFileType = text.xcconfig; name = "Pods-PromotionOC.debug.xcconfig"; path = "Target Support Files/Pods-PromotionOC/Pods-PromotionOC.debug.xcconfig"; sourceTree = "<group>"; };
		3F2679D280F0024ABBEB8ED6 /* Pods-PromotionOC.release.xcconfig */ = {isa = PBXFileReference; includeInIndex = 1; lastKnownFileType = text.xcconfig; name = "Pods-PromotionOC.release.xcconfig"; path = "Target Support Files/Pods-PromotionOC/Pods-PromotionOC.release.xcconfig"; sourceTree = "<group>"; };
		A6F62C20124AD126319C8672 /* Pods_PromotionOC.framework */ = {isa = PBXFileReference; explicitFileType = wrapper.framework; includeInIndex = 0; path = Pods_PromotionOC.framework; sourceTree = BUILT_PRODUCTS_DIR; };
/* End PBXFileReference section */

/* Begin PBXFrameworksBuildPhase section */
		00288FF5238B7E5000D4475C /* Frameworks */ = {
			isa = PBXFrameworksBuildPhase;
			buildActionMask = 2147483647;
			files = (
				DF06B1149E758054F4CE2A1C /* Pods_PromotionOC.framework in Frameworks */,
			);
			runOnlyForDeploymentPostprocessing = 0;
		};
		00289010238B7E5100D4475C /* Frameworks */ = {
			isa = PBXFrameworksBuildPhase;
			buildActionMask = 2147483647;
			files = (
			);
			runOnlyForDeploymentPostprocessing = 0;
		};
		0028901B238B7E5100D4475C /* Frameworks */ = {
			isa = PBXFrameworksBuildPhase;
			buildActionMask = 2147483647;
			files = (
			);
			runOnlyForDeploymentPostprocessing = 0;
		};
/* End PBXFrameworksBuildPhase section */

/* Begin PBXGroup section */
		0008922F23964E2300662AA5 /* TabbarController */ = {
			isa = PBXGroup;
			children = (
				0008923623965D1B00662AA5 /* MWorldTabBarController.h */,
				0008923723965D1B00662AA5 /* MWorldTabBarController.m */,
			);
			path = TabbarController;
			sourceTree = "<group>";
		};
		000892392396606C00662AA5 /* SecondParty */ = {
			isa = PBXGroup;
			children = (
				0008923E2396615C00662AA5 /* SecondPartyViewController.h */,
				0008923F2396615C00662AA5 /* SecondPartyViewController.m */,
			);
			path = SecondParty;
			sourceTree = "<group>";
		};
		0008923A2396606E00662AA5 /* FirstParty */ = {
			isa = PBXGroup;
			children = (
				0008923B239660DF00662AA5 /* FirstPartyTableViewController.h */,
				0008923C239660DF00662AA5 /* FirstPartyTableViewController.m */,
			);
			path = FirstParty;
			sourceTree = "<group>";
		};
		00288FEF238B7E5000D4475C = {
			isa = PBXGroup;
			children = (
				00288FFA238B7E5000D4475C /* PromotionOC */,
				00289016238B7E5100D4475C /* PromotionOCTests */,
				00289021238B7E5100D4475C /* PromotionOCUITests */,
				00288FF9238B7E5000D4475C /* Products */,
				1C33A044DA2A0A59B95CCEDC /* Pods */,
				5807334B005B96C6BEA49AD4 /* Frameworks */,
			);
			sourceTree = "<group>";
		};
		00288FF9238B7E5000D4475C /* Products */ = {
			isa = PBXGroup;
			children = (
				00288FF8238B7E5000D4475C /* PromotionOC.app */,
				00289013238B7E5100D4475C /* PromotionOCTests.xctest */,
				0028901E238B7E5100D4475C /* PromotionOCUITests.xctest */,
			);
			name = Products;
			sourceTree = "<group>";
		};
		00288FFA238B7E5000D4475C /* PromotionOC */ = {
			isa = PBXGroup;
			children = (
				0008923A2396606E00662AA5 /* FirstParty */,
				000892392396606C00662AA5 /* SecondParty */,
				0008922F23964E2300662AA5 /* TabbarController */,
				00289031238BA8D100D4475C /* Macro */,
				00289030238B831900D4475C /* Other */,
			);
			path = PromotionOC;
			sourceTree = "<group>";
		};
		00289016238B7E5100D4475C /* PromotionOCTests */ = {
			isa = PBXGroup;
			children = (
				00289017238B7E5100D4475C /* PromotionOCTests.m */,
				00289019238B7E5100D4475C /* Info.plist */,
			);
			path = PromotionOCTests;
			sourceTree = "<group>";
		};
		00289021238B7E5100D4475C /* PromotionOCUITests */ = {
			isa = PBXGroup;
			children = (
				00289022238B7E5100D4475C /* PromotionOCUITests.m */,
				00289024238B7E5100D4475C /* Info.plist */,
			);
			path = PromotionOCUITests;
			sourceTree = "<group>";
		};
		00289030238B831900D4475C /* Other */ = {
			isa = PBXGroup;
			children = (
				00288FFB238B7E5000D4475C /* AppDelegate.h */,
				00288FFC238B7E5000D4475C /* AppDelegate.m */,
				00288FFE238B7E5000D4475C /* SceneDelegate.h */,
				00288FFF238B7E5000D4475C /* SceneDelegate.m */,
				00289001238B7E5000D4475C /* ViewController.h */,
				00289002238B7E5000D4475C /* ViewController.m */,
				00289004238B7E5000D4475C /* Main.storyboard */,
				00289007238B7E5000D4475C /* Assets.xcassets */,
				00289009238B7E5000D4475C /* LaunchScreen.storyboard */,
				0028900C238B7E5000D4475C /* Info.plist */,
				0028900D238B7E5000D4475C /* main.m */,
			);
			name = Other;
			sourceTree = "<group>";
		};
		00289031238BA8D100D4475C /* Macro */ = {
			isa = PBXGroup;
			children = (
				00289032238BA94800D4475C /* PrefixHeader.pch */,
			);
			path = Macro;
			sourceTree = "<group>";
		};
		1C33A044DA2A0A59B95CCEDC /* Pods */ = {
			isa = PBXGroup;
			children = (
				2C1214B9085D214CD9F827EF /* Pods-PromotionOC.debug.xcconfig */,
				3F2679D280F0024ABBEB8ED6 /* Pods-PromotionOC.release.xcconfig */,
			);
			path = Pods;
			sourceTree = "<group>";
		};
		5807334B005B96C6BEA49AD4 /* Frameworks */ = {
			isa = PBXGroup;
			children = (
				A6F62C20124AD126319C8672 /* Pods_PromotionOC.framework */,
			);
			name = Frameworks;
			sourceTree = "<group>";
		};
/* End PBXGroup section */

/* Begin PBXNativeTarget section */
		00288FF7238B7E5000D4475C /* PromotionOC */ = {
			isa = PBXNativeTarget;
			buildConfigurationList = 00289027238B7E5100D4475C /* Build configuration list for PBXNativeTarget "PromotionOC" */;
			buildPhases = (
				ACD9B3DAC1313F009D1F0D1E /* [CP] Check Pods Manifest.lock */,
				00288FF4238B7E5000D4475C /* Sources */,
				00288FF5238B7E5000D4475C /* Frameworks */,
				00288FF6238B7E5000D4475C /* Resources */,
				2426AFC4C433A8D19E42EB33 /* [CP] Embed Pods Frameworks */,
			);
			buildRules = (
			);
			dependencies = (
			);
			name = PromotionOC;
			productName = PromotionOC;
			productReference = 00288FF8238B7E5000D4475C /* PromotionOC.app */;
			productType = "com.apple.product-type.application";
		};
		00289012238B7E5100D4475C /* PromotionOCTests */ = {
			isa = PBXNativeTarget;
			buildConfigurationList = 0028902A238B7E5100D4475C /* Build configuration list for PBXNativeTarget "PromotionOCTests" */;
			buildPhases = (
				0028900F238B7E5100D4475C /* Sources */,
				00289010238B7E5100D4475C /* Frameworks */,
				00289011238B7E5100D4475C /* Resources */,
			);
			buildRules = (
			);
			dependencies = (
				00289015238B7E5100D4475C /* PBXTargetDependency */,
			);
			name = PromotionOCTests;
			productName = PromotionOCTests;
			productReference = 00289013238B7E5100D4475C /* PromotionOCTests.xctest */;
			productType = "com.apple.product-type.bundle.unit-test";
		};
		0028901D238B7E5100D4475C /* PromotionOCUITests */ = {
			isa = PBXNativeTarget;
			buildConfigurationList = 0028902D238B7E5100D4475C /* Build configuration list for PBXNativeTarget "PromotionOCUITests" */;
			buildPhases = (
				0028901A238B7E5100D4475C /* Sources */,
				0028901B238B7E5100D4475C /* Frameworks */,
				0028901C238B7E5100D4475C /* Resources */,
			);
			buildRules = (
			);
			dependencies = (
				00289020238B7E5100D4475C /* PBXTargetDependency */,
			);
			name = PromotionOCUITests;
			productName = PromotionOCUITests;
			productReference = 0028901E238B7E5100D4475C /* PromotionOCUITests.xctest */;
			productType = "com.apple.product-type.bundle.ui-testing";
		};
/* End PBXNativeTarget section */

/* Begin PBXProject section */
		00288FF0238B7E5000D4475C /* Project object */ = {
			isa = PBXProject;
			attributes = {
				LastUpgradeCheck = 1120;
				ORGANIZATIONNAME = MWorld;
				TargetAttributes = {
					00288FF7238B7E5000D4475C = {
						CreatedOnToolsVersion = 11.2;
					};
					00289012238B7E5100D4475C = {
						CreatedOnToolsVersion = 11.2;
						TestTargetID = 00288FF7238B7E5000D4475C;
					};
					0028901D238B7E5100D4475C = {
						CreatedOnToolsVersion = 11.2;
						TestTargetID = 00288FF7238B7E5000D4475C;
					};
				};
			};
			buildConfigurationList = 00288FF3238B7E5000D4475C /* Build configuration list for PBXProject "PromotionOC" */;
			compatibilityVersion = "Xcode 9.3";
			developmentRegion = en;
			hasScannedForEncodings = 0;
			knownRegions = (
				en,
				Base,
			);
			mainGroup = 00288FEF238B7E5000D4475C;
			productRefGroup = 00288FF9238B7E5000D4475C /* Products */;
			projectDirPath = "";
			projectRoot = "";
			targets = (
				00288FF7238B7E5000D4475C /* PromotionOC */,
				00289012238B7E5100D4475C /* PromotionOCTests */,
				0028901D238B7E5100D4475C /* PromotionOCUITests */,
			);
		};
/* End PBXProject section */

/* Begin PBXResourcesBuildPhase section */
		00288FF6238B7E5000D4475C /* Resources */ = {
			isa = PBXResourcesBuildPhase;
			buildActionMask = 2147483647;
			files = (
				0028900B238B7E5000D4475C /* LaunchScreen.storyboard in Resources */,
				00289008238B7E5000D4475C /* Assets.xcassets in Resources */,
				00289006238B7E5000D4475C /* Main.storyboard in Resources */,
			);
			runOnlyForDeploymentPostprocessing = 0;
		};
		00289011238B7E5100D4475C /* Resources */ = {
			isa = PBXResourcesBuildPhase;
			buildActionMask = 2147483647;
			files = (
			);
			runOnlyForDeploymentPostprocessing = 0;
		};
		0028901C238B7E5100D4475C /* Resources */ = {
			isa = PBXResourcesBuildPhase;
			buildActionMask = 2147483647;
			files = (
			);
			runOnlyForDeploymentPostprocessing = 0;
		};
/* End PBXResourcesBuildPhase section */

/* Begin PBXShellScriptBuildPhase section */
		2426AFC4C433A8D19E42EB33 /* [CP] Embed Pods Frameworks */ = {
			isa = PBXShellScriptBuildPhase;
			buildActionMask = 2147483647;
			files = (
			);
			inputFileListPaths = (
				"${PODS_ROOT}/Target Support Files/Pods-PromotionOC/Pods-PromotionOC-frameworks-${CONFIGURATION}-input-files.xcfilelist",
			);
			name = "[CP] Embed Pods Frameworks";
			outputFileListPaths = (
				"${PODS_ROOT}/Target Support Files/Pods-PromotionOC/Pods-PromotionOC-frameworks-${CONFIGURATION}-output-files.xcfilelist",
			);
			runOnlyForDeploymentPostprocessing = 0;
			shellPath = /bin/sh;
			shellScript = "\"${PODS_ROOT}/Target Support Files/Pods-PromotionOC/Pods-PromotionOC-frameworks.sh\"\n";
			showEnvVarsInLog = 0;
		};
		ACD9B3DAC1313F009D1F0D1E /* [CP] Check Pods Manifest.lock */ = {
			isa = PBXShellScriptBuildPhase;
			buildActionMask = 2147483647;
			files = (
			);
			inputFileListPaths = (
			);
			inputPaths = (
				"${PODS_PODFILE_DIR_PATH}/Podfile.lock",
				"${PODS_ROOT}/Manifest.lock",
			);
			name = "[CP] Check Pods Manifest.lock";
			outputFileListPaths = (
			);
			outputPaths = (
				"$(DERIVED_FILE_DIR)/Pods-PromotionOC-checkManifestLockResult.txt",
			);
			runOnlyForDeploymentPostprocessing = 0;
			shellPath = /bin/sh;
			shellScript = "diff \"${PODS_PODFILE_DIR_PATH}/Podfile.lock\" \"${PODS_ROOT}/Manifest.lock\" > /dev/null\nif [ $? != 0 ] ; then\n    # print error to STDERR\n    echo \"error: The sandbox is not in sync with the Podfile.lock. Run 'pod install' or update your CocoaPods installation.\" >&2\n    exit 1\nfi\n# This output is used by Xcode 'outputs' to avoid re-running this script phase.\necho \"SUCCESS\" > \"${SCRIPT_OUTPUT_FILE_0}\"\n";
			showEnvVarsInLog = 0;
		};
/* End PBXShellScriptBuildPhase section */

/* Begin PBXSourcesBuildPhase section */
		00288FF4238B7E5000D4475C /* Sources */ = {
			isa = PBXSourcesBuildPhase;
			buildActionMask = 2147483647;
			files = (
				00289003238B7E5000D4475C /* ViewController.m in Sources */,
				000892402396615C00662AA5 /* SecondPartyViewController.m in Sources */,
				00288FFD238B7E5000D4475C /* AppDelegate.m in Sources */,
				0008923823965D1B00662AA5 /* MWorldTabBarController.m in Sources */,
				0008923D239660DF00662AA5 /* FirstPartyTableViewController.m in Sources */,
				0028900E238B7E5000D4475C /* main.m in Sources */,
				00289000238B7E5000D4475C /* SceneDelegate.m in Sources */,
			);
			runOnlyForDeploymentPostprocessing = 0;
		};
		0028900F238B7E5100D4475C /* Sources */ = {
			isa = PBXSourcesBuildPhase;
			buildActionMask = 2147483647;
			files = (
				00289018238B7E5100D4475C /* PromotionOCTests.m in Sources */,
			);
			runOnlyForDeploymentPostprocessing = 0;
		};
		0028901A238B7E5100D4475C /* Sources */ = {
			isa = PBXSourcesBuildPhase;
			buildActionMask = 2147483647;
			files = (
				00289023238B7E5100D4475C /* PromotionOCUITests.m in Sources */,
			);
			runOnlyForDeploymentPostprocessing = 0;
		};
/* End PBXSourcesBuildPhase section */

/* Begin PBXTargetDependency section */
		00289015238B7E5100D4475C /* PBXTargetDependency */ = {
			isa = PBXTargetDependency;
			target = 00288FF7238B7E5000D4475C /* PromotionOC */;
			targetProxy = 00289014238B7E5100D4475C /* PBXContainerItemProxy */;
		};
		00289020238B7E5100D4475C /* PBXTargetDependency */ = {
			isa = PBXTargetDependency;
			target = 00288FF7238B7E5000D4475C /* PromotionOC */;
			targetProxy = 0028901F238B7E5100D4475C /* PBXContainerItemProxy */;
		};
/* End PBXTargetDependency section */

/* Begin PBXVariantGroup section */
		00289004238B7E5000D4475C /* Main.storyboard */ = {
			isa = PBXVariantGroup;
			children = (
				00289005238B7E5000D4475C /* Base */,
			);
			name = Main.storyboard;
			sourceTree = "<group>";
		};
		00289009238B7E5000D4475C /* LaunchScreen.storyboard */ = {
			isa = PBXVariantGroup;
			children = (
				0028900A238B7E5000D4475C /* Base */,
			);
			name = LaunchScreen.storyboard;
			sourceTree = "<group>";
		};
/* End PBXVariantGroup section */

/* Begin XCBuildConfiguration section */
		00289025238B7E5100D4475C /* Debug */ = {
			isa = XCBuildConfiguration;
			buildSettings = {
				ALWAYS_SEARCH_USER_PATHS = NO;
				CLANG_ANALYZER_NONNULL = YES;
				CLANG_ANALYZER_NUMBER_OBJECT_CONVERSION = YES_AGGRESSIVE;
				CLANG_CXX_LANGUAGE_STANDARD = "gnu++14";
				CLANG_CXX_LIBRARY = "libc++";
				CLANG_ENABLE_MODULES = YES;
				CLANG_ENABLE_OBJC_ARC = YES;
				CLANG_ENABLE_OBJC_WEAK = YES;
				CLANG_WARN_BLOCK_CAPTURE_AUTORELEASING = YES;
				CLANG_WARN_BOOL_CONVERSION = YES;
				CLANG_WARN_COMMA = YES;
				CLANG_WARN_CONSTANT_CONVERSION = YES;
				CLANG_WARN_DEPRECATED_OBJC_IMPLEMENTATIONS = YES;
				CLANG_WARN_DIRECT_OBJC_ISA_USAGE = YES_ERROR;
				CLANG_WARN_DOCUMENTATION_COMMENTS = YES;
				CLANG_WARN_EMPTY_BODY = YES;
				CLANG_WARN_ENUM_CONVERSION = YES;
				CLANG_WARN_INFINITE_RECURSION = YES;
				CLANG_WARN_INT_CONVERSION = YES;
				CLANG_WARN_NON_LITERAL_NULL_CONVERSION = YES;
				CLANG_WARN_OBJC_IMPLICIT_RETAIN_SELF = YES;
				CLANG_WARN_OBJC_LITERAL_CONVERSION = YES;
				CLANG_WARN_OBJC_ROOT_CLASS = YES_ERROR;
				CLANG_WARN_RANGE_LOOP_ANALYSIS = YES;
				CLANG_WARN_STRICT_PROTOTYPES = YES;
				CLANG_WARN_SUSPICIOUS_MOVE = YES;
				CLANG_WARN_UNGUARDED_AVAILABILITY = YES_AGGRESSIVE;
				CLANG_WARN_UNREACHABLE_CODE = YES;
				CLANG_WARN__DUPLICATE_METHOD_MATCH = YES;
				COPY_PHASE_STRIP = NO;
				DEBUG_INFORMATION_FORMAT = dwarf;
				ENABLE_STRICT_OBJC_MSGSEND = YES;
				ENABLE_TESTABILITY = YES;
				GCC_C_LANGUAGE_STANDARD = gnu11;
				GCC_DYNAMIC_NO_PIC = NO;
				GCC_NO_COMMON_BLOCKS = YES;
				GCC_OPTIMIZATION_LEVEL = 0;
				GCC_PREPROCESSOR_DEFINITIONS = (
					"DEBUG=1",
					"$(inherited)",
				);
				GCC_WARN_64_TO_32_BIT_CONVERSION = YES;
				GCC_WARN_ABOUT_RETURN_TYPE = YES_ERROR;
				GCC_WARN_UNDECLARED_SELECTOR = YES;
				GCC_WARN_UNINITIALIZED_AUTOS = YES_AGGRESSIVE;
				GCC_WARN_UNUSED_FUNCTION = YES;
				GCC_WARN_UNUSED_VARIABLE = YES;
				IPHONEOS_DEPLOYMENT_TARGET = 13.2;
				MTL_ENABLE_DEBUG_INFO = INCLUDE_SOURCE;
				MTL_FAST_MATH = YES;
				ONLY_ACTIVE_ARCH = YES;
				SDKROOT = iphoneos;
			};
			name = Debug;
		};
		00289026238B7E5100D4475C /* Release */ = {
			isa = XCBuildConfiguration;
			buildSettings = {
				ALWAYS_SEARCH_USER_PATHS = NO;
				CLANG_ANALYZER_NONNULL = YES;
				CLANG_ANALYZER_NUMBER_OBJECT_CONVERSION = YES_AGGRESSIVE;
				CLANG_CXX_LANGUAGE_STANDARD = "gnu++14";
				CLANG_CXX_LIBRARY = "libc++";
				CLANG_ENABLE_MODULES = YES;
				CLANG_ENABLE_OBJC_ARC = YES;
				CLANG_ENABLE_OBJC_WEAK = YES;
				CLANG_WARN_BLOCK_CAPTURE_AUTORELEASING = YES;
				CLANG_WARN_BOOL_CONVERSION = YES;
				CLANG_WARN_COMMA = YES;
				CLANG_WARN_CONSTANT_CONVERSION = YES;
				CLANG_WARN_DEPRECATED_OBJC_IMPLEMENTATIONS = YES;
				CLANG_WARN_DIRECT_OBJC_ISA_USAGE = YES_ERROR;
				CLANG_WARN_DOCUMENTATION_COMMENTS = YES;
				CLANG_WARN_EMPTY_BODY = YES;
				CLANG_WARN_ENUM_CONVERSION = YES;
				CLANG_WARN_INFINITE_RECURSION = YES;
				CLANG_WARN_INT_CONVERSION = YES;
				CLANG_WARN_NON_LITERAL_NULL_CONVERSION = YES;
				CLANG_WARN_OBJC_IMPLICIT_RETAIN_SELF = YES;
				CLANG_WARN_OBJC_LITERAL_CONVERSION = YES;
				CLANG_WARN_OBJC_ROOT_CLASS = YES_ERROR;
				CLANG_WARN_RANGE_LOOP_ANALYSIS = YES;
				CLANG_WARN_STRICT_PROTOTYPES = YES;
				CLANG_WARN_SUSPICIOUS_MOVE = YES;
				CLANG_WARN_UNGUARDED_AVAILABILITY = YES_AGGRESSIVE;
				CLANG_WARN_UNREACHABLE_CODE = YES;
				CLANG_WARN__DUPLICATE_METHOD_MATCH = YES;
				COPY_PHASE_STRIP = NO;
				DEBUG_INFORMATION_FORMAT = "dwarf-with-dsym";
				ENABLE_NS_ASSERTIONS = NO;
				ENABLE_STRICT_OBJC_MSGSEND = YES;
				GCC_C_LANGUAGE_STANDARD = gnu11;
				GCC_NO_COMMON_BLOCKS = YES;
				GCC_WARN_64_TO_32_BIT_CONVERSION = YES;
				GCC_WARN_ABOUT_RETURN_TYPE = YES_ERROR;
				GCC_WARN_UNDECLARED_SELECTOR = YES;
				GCC_WARN_UNINITIALIZED_AUTOS = YES_AGGRESSIVE;
				GCC_WARN_UNUSED_FUNCTION = YES;
				GCC_WARN_UNUSED_VARIABLE = YES;
				IPHONEOS_DEPLOYMENT_TARGET = 13.2;
				MTL_ENABLE_DEBUG_INFO = NO;
				MTL_FAST_MATH = YES;
				SDKROOT = iphoneos;
				VALIDATE_PRODUCT = YES;
			};
			name = Release;
		};
		00289028238B7E5100D4475C /* Debug */ = {
			isa = XCBuildConfiguration;
			baseConfigurationReference = 2C1214B9085D214CD9F827EF /* Pods-PromotionOC.debug.xcconfig */;
			buildSettings = {
				ASSETCATALOG_COMPILER_APPICON_NAME = AppIcon;
				CODE_SIGN_STYLE = Automatic;
				DEVELOPMENT_TEAM = YHXFAYAT4X;
				GCC_PRECOMPILE_PREFIX_HEADER = YES;
				GCC_PREFIX_HEADER = "$(SRCROOT)/PromotionOC/Macro/PrefixHeader.pch";
				INFOPLIST_FILE = PromotionOC/Info.plist;
				LD_RUNPATH_SEARCH_PATHS = (
					"$(inherited)",
					"@executable_path/Frameworks",
				);
				PRODUCT_BUNDLE_IDENTIFIER = MWorld.PromotionOC;
				PRODUCT_NAME = "$(TARGET_NAME)";
				TARGETED_DEVICE_FAMILY = "1,2";
			};
			name = Debug;
		};
		00289029238B7E5100D4475C /* Release */ = {
			isa = XCBuildConfiguration;
			baseConfigurationReference = 3F2679D280F0024ABBEB8ED6 /* Pods-PromotionOC.release.xcconfig */;
			buildSettings = {
				ASSETCATALOG_COMPILER_APPICON_NAME = AppIcon;
				CODE_SIGN_STYLE = Automatic;
				DEVELOPMENT_TEAM = YHXFAYAT4X;
				GCC_PRECOMPILE_PREFIX_HEADER = YES;
				GCC_PREFIX_HEADER = "$(SRCROOT)/PromotionOC/Macro/PrefixHeader.pch";
				INFOPLIST_FILE = PromotionOC/Info.plist;
				LD_RUNPATH_SEARCH_PATHS = (
					"$(inherited)",
					"@executable_path/Frameworks",
				);
				PRODUCT_BUNDLE_IDENTIFIER = MWorld.PromotionOC;
				PRODUCT_NAME = "$(TARGET_NAME)";
				TARGETED_DEVICE_FAMILY = "1,2";
			};
			name = Release;
		};
		0028902B238B7E5100D4475C /* Debug */ = {
			isa = XCBuildConfiguration;
			buildSettings = {
				BUNDLE_LOADER = "$(TEST_HOST)";
				CODE_SIGN_STYLE = Automatic;
				DEVELOPMENT_TEAM = YHXFAYAT4X;
				INFOPLIST_FILE = PromotionOCTests/Info.plist;
				IPHONEOS_DEPLOYMENT_TARGET = 13.2;
				LD_RUNPATH_SEARCH_PATHS = (
					"$(inherited)",
					"@executable_path/Frameworks",
					"@loader_path/Frameworks",
				);
				PRODUCT_BUNDLE_IDENTIFIER = MWorld.PromotionOCTests;
				PRODUCT_NAME = "$(TARGET_NAME)";
				TARGETED_DEVICE_FAMILY = "1,2";
				TEST_HOST = "$(BUILT_PRODUCTS_DIR)/PromotionOC.app/PromotionOC";
			};
			name = Debug;
		};
		0028902C238B7E5100D4475C /* Release */ = {
			isa = XCBuildConfiguration;
			buildSettings = {
				BUNDLE_LOADER = "$(TEST_HOST)";
				CODE_SIGN_STYLE = Automatic;
				DEVELOPMENT_TEAM = YHXFAYAT4X;
				INFOPLIST_FILE = PromotionOCTests/Info.plist;
				IPHONEOS_DEPLOYMENT_TARGET = 13.2;
				LD_RUNPATH_SEARCH_PATHS = (
					"$(inherited)",
					"@executable_path/Frameworks",
					"@loader_path/Frameworks",
				);
				PRODUCT_BUNDLE_IDENTIFIER = MWorld.PromotionOCTests;
				PRODUCT_NAME = "$(TARGET_NAME)";
				TARGETED_DEVICE_FAMILY = "1,2";
				TEST_HOST = "$(BUILT_PRODUCTS_DIR)/PromotionOC.app/PromotionOC";
			};
			name = Release;
		};
		0028902E238B7E5100D4475C /* Debug */ = {
			isa = XCBuildConfiguration;
			buildSettings = {
				CODE_SIGN_STYLE = Automatic;
				DEVELOPMENT_TEAM = YHXFAYAT4X;
				INFOPLIST_FILE = PromotionOCUITests/Info.plist;
				LD_RUNPATH_SEARCH_PATHS = (
					"$(inherited)",
					"@executable_path/Frameworks",
					"@loader_path/Frameworks",
				);
				PRODUCT_BUNDLE_IDENTIFIER = MWorld.PromotionOCUITests;
				PRODUCT_NAME = "$(TARGET_NAME)";
				TARGETED_DEVICE_FAMILY = "1,2";
				TEST_TARGET_NAME = PromotionOC;
			};
			name = Debug;
		};
		0028902F238B7E5100D4475C /* Release */ = {
			isa = XCBuildConfiguration;
			buildSettings = {
				CODE_SIGN_STYLE = Automatic;
				DEVELOPMENT_TEAM = YHXFAYAT4X;
				INFOPLIST_FILE = PromotionOCUITests/Info.plist;
				LD_RUNPATH_SEARCH_PATHS = (
					"$(inherited)",
					"@executable_path/Frameworks",
					"@loader_path/Frameworks",
				);
				PRODUCT_BUNDLE_IDENTIFIER = MWorld.PromotionOCUITests;
				PRODUCT_NAME = "$(TARGET_NAME)";
				TARGETED_DEVICE_FAMILY = "1,2";
				TEST_TARGET_NAME = PromotionOC;
			};
			name = Release;
		};
/* End XCBuildConfiguration section */

/* Begin XCConfigurationList section */
		00288FF3238B7E5000D4475C /* Build configuration list for PBXProject "PromotionOC" */ = {
			isa = XCConfigurationList;
			buildConfigurations = (
				00289025238B7E5100D4475C /* Debug */,
				00289026238B7E5100D4475C /* Release */,
			);
			defaultConfigurationIsVisible = 0;
			defaultConfigurationName = Release;
		};
		00289027238B7E5100D4475C /* Build configuration list for PBXNativeTarget "PromotionOC" */ = {
			isa = XCConfigurationList;
			buildConfigurations = (
				00289028238B7E5100D4475C /* Debug */,
				00289029238B7E5100D4475C /* Release */,
			);
			defaultConfigurationIsVisible = 0;
			defaultConfigurationName = Release;
		};
		0028902A238B7E5100D4475C /* Build configuration list for PBXNativeTarget "PromotionOCTests" */ = {
			isa = XCConfigurationList;
			buildConfigurations = (
				0028902B238B7E5100D4475C /* Debug */,
				0028902C238B7E5100D4475C /* Release */,
			);
			defaultConfigurationIsVisible = 0;
			defaultConfigurationName = Release;
		};
		0028902D238B7E5100D4475C /* Build configuration list for PBXNativeTarget "PromotionOCUITests" */ = {
			isa = XCConfigurationList;
			buildConfigurations = (
				0028902E238B7E5100D4475C /* Debug */,
				0028902F238B7E5100D4475C /* Release */,
			);
			defaultConfigurationIsVisible = 0;
			defaultConfigurationName = Release;
		};
/* End XCConfigurationList section */
	};
	rootObject = 00288FF0238B7E5000D4475C /* Project object */;
}
